<?xml version="1.0" encoding="utf-8"?>
<Project ToolsVersion="17.0" xmlns="http://schemas.microsoft.com/developer/msbuild/2003">
  <ItemGroup>
    <ClCompile Include="D:\Projects\mario1\Classes\AppDelegate.cpp">
      <Filter>Source Files\Classes</Filter>
    </ClCompile>
    <ClCompile Include="D:\Projects\mario1\Classes\HelloWorldScene.cpp">
      <Filter>Source Files\Classes</Filter>
    </ClCompile>
    <ClCompile Include="D:\Projects\mario1\Classes\Character.cpp">
      <Filter>Source Files\Classes</Filter>
    </ClCompile>
    <ClCompile Include="D:\Projects\mario1\Classes\Bullet.cpp">
      <Filter>Source Files\Classes</Filter>
    </ClCompile>
    <ClCompile Include="D:\Projects\mario1\Classes\BulletE.cpp">
      <Filter>Source Files\Classes</Filter>
    </ClCompile>
    <ClCompile Include="D:\Projects\mario1\Classes\TileMap.cpp">
      <Filter>Source Files\Classes</Filter>
    </ClCompile>
    <ClCompile Include="D:\Projects\mario1\Classes\Enemy.cpp">
      <Filter>Source Files\Classes</Filter>
    </ClCompile>
    <ClCompile Include="D:\Projects\mario1\Classes\Enemy2.cpp">
      <Filter>Source Files\Classes</Filter>
    </ClCompile>
    <ClCompile Include="D:\Projects\mario1\Classes\EnemyManager.cpp">
      <Filter>Source Files\Classes</Filter>
    </ClCompile>
    <ClCompile Include="D:\Projects\mario1\Classes\MyCamera.cpp">
      <Filter>Source Files\Classes</Filter>
    </ClCompile>
    <ClCompile Include="D:\Projects\mario1\Classes\MainMenuScene.cpp">
      <Filter>Source Files\Classes</Filter>
    </ClCompile>
    <ClCompile Include="D:\Projects\mario1\Classes\CustomAnimation.cpp">
      <Filter>Source Files\Classes</Filter>
    </ClCompile>
    <ClCompile Include="D:\Projects\mario1\Classes\Ground.cpp">
      <Filter>Source Files\Classes</Filter>
    </ClCompile>
    <ClCompile Include="D:\Projects\mario1\Classes\TutorialScene.cpp">
      <Filter>Source Files\Classes</Filter>
    </ClCompile>
    <ClCompile Include="D:\Projects\mario1\Classes\Box.cpp">
      <Filter>Source Files\Classes</Filter>
    </ClCompile>
    <ClCompile Include="D:\Projects\mario1\Classes\Door.cpp">
      <Filter>Source Files\Classes</Filter>
    </ClCompile>
    <ClCompile Include="D:\Projects\mario1\Classes\UILayer.cpp">
      <Filter>Source Files\Classes</Filter>
    </ClCompile>
    <ClCompile Include="D:\Projects\mario1\Classes\Elevator.cpp">
      <Filter>Source Files\Classes</Filter>
    </ClCompile>
    <ClCompile Include="D:\Projects\mario1\Classes\ElevatorManager.cpp">
      <Filter>Source Files\Classes</Filter>
    </ClCompile>
    <ClCompile Include="D:\Projects\mario1\proj.win32\main.cpp">
      <Filter>Source Files\proj.win32</Filter>
    </ClCompile>
    <ClCompile Include="D:\Projects\mario1\cocos2d\cocos\precheader.cpp">
      <Filter>Source Files</Filter>
    </ClCompile>
  </ItemGroup>
  <ItemGroup>
    <ClInclude Include="D:\Projects\mario1\Classes\AppDelegate.h">
      <Filter>Source Files\Classes</Filter>
    </ClInclude>
    <ClInclude Include="D:\Projects\mario1\Classes\HelloWorldScene.h">
      <Filter>Source Files\Classes</Filter>
    </ClInclude>
    <ClInclude Include="D:\Projects\mario1\Classes\Character.h">
      <Filter>Source Files\Classes</Filter>
    </ClInclude>
    <ClInclude Include="D:\Projects\mario1\Classes\Bullet.h">
      <Filter>Source Files\Classes</Filter>
    </ClInclude>
    <ClInclude Include="D:\Projects\mario1\Classes\BulletE.h">
      <Filter>Source Files\Classes</Filter>
    </ClInclude>
    <ClInclude Include="D:\Projects\mario1\Classes\TileMap.h">
      <Filter>Source Files\Classes</Filter>
    </ClInclude>
    <ClInclude Include="D:\Projects\mario1\Classes\Enemy.h">
      <Filter>Source Files\Classes</Filter>
    </ClInclude>
    <ClInclude Include="D:\Projects\mario1\Classes\Enemy2.h">
      <Filter>Source Files\Classes</Filter>
    </ClInclude>
    <ClInclude Include="D:\Projects\mario1\Classes\EnemyManager.h">
      <Filter>Source Files\Classes</Filter>
    </ClInclude>
    <ClInclude Include="D:\Projects\mario1\Classes\MyCamera.h">
      <Filter>Source Files\Classes</Filter>
    </ClInclude>
    <ClInclude Include="D:\Projects\mario1\Classes\MainMenuScene.h">
      <Filter>Source Files\Classes</Filter>
    </ClInclude>
    <ClInclude Include="D:\Projects\mario1\Classes\CustomAnimation.h">
      <Filter>Source Files\Classes</Filter>
    </ClInclude>
    <ClInclude Include="D:\Projects\mario1\Classes\Singleton.h">
      <Filter>Source Files\Classes</Filter>
    </ClInclude>
    <ClInclude Include="D:\Projects\mario1\Classes\Ground.h">
      <Filter>Source Files\Classes</Filter>
    </ClInclude>
    <ClInclude Include="D:\Projects\mario1\Classes\TutorialScene.h">
      <Filter>Source Files\Classes</Filter>
    </ClInclude>
    <ClInclude Include="D:\Projects\mario1\Classes\Box.h">
      <Filter>Source Files\Classes</Filter>
    </ClInclude>
    <ClInclude Include="D:\Projects\mario1\Classes\Door.h">
      <Filter>Source Files\Classes</Filter>
    </ClInclude>
    <ClInclude Include="D:\Projects\mario1\Classes\UILayer.h">
      <Filter>Source Files\Classes</Filter>
    </ClInclude>
    <ClInclude Include="D:\Projects\mario1\Classes\Elevator.h">
      <Filter>Source Files\Classes</Filter>
    </ClInclude>
    <ClInclude Include="D:\Projects\mario1\Classes\ElevatorManager.h">
      <Filter>Source Files\Classes</Filter>
    </ClInclude>
    <ClInclude Include="D:\Projects\mario1\proj.win32\main.h">
      <Filter>Source Files\proj.win32</Filter>
    </ClInclude>
    <ClInclude Include="D:\Projects\mario1\proj.win32\resource.h">
      <Filter>Source Files\proj.win32</Filter>
    </ClInclude>
    <ClInclude Include="D:\Projects\mario1\Resources\Appearing_1.png">
      <Filter>Resources</Filter>
    </ClInclude>
    <ClInclude Include="D:\Projects\mario1\Resources\Appearing_2.png">
      <Filter>Resources</Filter>
    </ClInclude>
    <ClInclude Include="D:\Projects\mario1\Resources\Appearing_3.png">
      <Filter>Resources</Filter>
    </ClInclude>
    <ClInclude Include="D:\Projects\mario1\Resources\Appearing_4.png">
      <Filter>Resources</Filter>
    </ClInclude>
    <ClInclude Include="D:\Projects\mario1\Resources\Appearing_5.png">
      <Filter>Resources</Filter>
    </ClInclude>
    <ClInclude Include="D:\Projects\mario1\Resources\Appearing_6.png">
      <Filter>Resources</Filter>
    </ClInclude>
    <ClInclude Include="D:\Projects\mario1\Resources\Appearing_7.png">
      <Filter>Resources</Filter>
    </ClInclude>
    <ClInclude Include="D:\Projects\mario1\Resources\Background_tutorial.jpg">
      <Filter>Resources</Filter>
    </ClInclude>
    <ClInclude Include="D:\Projects\mario1\Resources\Background_tutorial2.jpeg">
      <Filter>Resources</Filter>
    </ClInclude>
    <ClInclude Include="D:\Projects\mario1\Resources\Box (1).png">
      <Filter>Resources</Filter>
    </ClInclude>
    <ClInclude Include="D:\Projects\mario1\Resources\Box (2).png">
      <Filter>Resources</Filter>
    </ClInclude>
    <ClInclude Include="D:\Projects\mario1\Resources\Box (3).png">
      <Filter>Resources</Filter>
    </ClInclude>
    <ClInclude Include="D:\Projects\mario1\Resources\Box (4).png">
      <Filter>Resources</Filter>
    </ClInclude>
    <ClInclude Include="D:\Projects\mario1\Resources\Box (5).png">
      <Filter>Resources</Filter>
    </ClInclude>
    <ClInclude Include="D:\Projects\mario1\Resources\Box (6).png">
      <Filter>Resources</Filter>
    </ClInclude>
    <ClInclude Include="D:\Projects\mario1\Resources\Box (7).png">
      <Filter>Resources</Filter>
    </ClInclude>
    <ClInclude Include="D:\Projects\mario1\Resources\CloseNormal.png">
      <Filter>Resources</Filter>
    </ClInclude>
    <ClInclude Include="D:\Projects\mario1\Resources\CloseSelected.png">
      <Filter>Resources</Filter>
    </ClInclude>
    <ClInclude Include="D:\Projects\mario1\Resources\E_Walk_1.png">
      <Filter>Resources</Filter>
    </ClInclude>
    <ClInclude Include="D:\Projects\mario1\Resources\E_Walk_10.png">
      <Filter>Resources</Filter>
    </ClInclude>
    <ClInclude Include="D:\Projects\mario1\Resources\E_Walk_11.png">
      <Filter>Resources</Filter>
    </ClInclude>
    <ClInclude Include="D:\Projects\mario1\Resources\E_Walk_12.png">
      <Filter>Resources</Filter>
    </ClInclude>
    <ClInclude Include="D:\Projects\mario1\Resources\E_Walk_2.png">
      <Filter>Resources</Filter>
    </ClInclude>
    <ClInclude Include="D:\Projects\mario1\Resources\E_Walk_3.png">
      <Filter>Resources</Filter>
    </ClInclude>
    <ClInclude Include="D:\Projects\mario1\Resources\E_Walk_4.png">
      <Filter>Resources</Filter>
    </ClInclude>
    <ClInclude Include="D:\Projects\mario1\Resources\E_Walk_5.png">
      <Filter>Resources</Filter>
    </ClInclude>
    <ClInclude Include="D:\Projects\mario1\Resources\E_Walk_6.png">
      <Filter>Resources</Filter>
    </ClInclude>
    <ClInclude Include="D:\Projects\mario1\Resources\E_Walk_7.png">
      <Filter>Resources</Filter>
    </ClInclude>
    <ClInclude Include="D:\Projects\mario1\Resources\E_Walk_8.png">
      <Filter>Resources</Filter>
    </ClInclude>
    <ClInclude Include="D:\Projects\mario1\Resources\E_Walk_9.png">
      <Filter>Resources</Filter>
    </ClInclude>
    <ClInclude Include="D:\Projects\mario1\Resources\Fly_1.png">
      <Filter>Resources</Filter>
    </ClInclude>
    <ClInclude Include="D:\Projects\mario1\Resources\Fly_2.png">
      <Filter>Resources</Filter>
    </ClInclude>
    <ClInclude Include="D:\Projects\mario1\Resources\Fly_3.png">
      <Filter>Resources</Filter>
    </ClInclude>
    <ClInclude Include="D:\Projects\mario1\Resources\Fly_4.png">
      <Filter>Resources</Filter>
    </ClInclude>
    <ClInclude Include="D:\Projects\mario1\Resources\Fly_5.png">
      <Filter>Resources</Filter>
    </ClInclude>
    <ClInclude Include="D:\Projects\mario1\Resources\Fly_6.png">
      <Filter>Resources</Filter>
    </ClInclude>
    <ClInclude Include="D:\Projects\mario1\Resources\GameOver.png">
      <Filter>Resources</Filter>
    </ClInclude>
    <ClInclude Include="D:\Projects\mario1\Resources\HelloWorld.png">
      <Filter>Resources</Filter>
    </ClInclude>
    <ClInclude Include="D:\Projects\mario1\Resources\Hit_1.png">
      <Filter>Resources</Filter>
    </ClInclude>
    <ClInclude Include="D:\Projects\mario1\Resources\Hit_2.png">
      <Filter>Resources</Filter>
    </ClInclude>
    <ClInclude Include="D:\Projects\mario1\Resources\Hit_3.png">
      <Filter>Resources</Filter>
    </ClInclude>
    <ClInclude Include="D:\Projects\mario1\Resources\Hit_4.png">
      <Filter>Resources</Filter>
    </ClInclude>
    <ClInclude Include="D:\Projects\mario1\Resources\Hit_5.png">
      <Filter>Resources</Filter>
    </ClInclude>
    <ClInclude Include="D:\Projects\mario1\Resources\Hit_6.png">
      <Filter>Resources</Filter>
    </ClInclude>
    <ClInclude Include="D:\Projects\mario1\Resources\Hit_7.png">
      <Filter>Resources</Filter>
    </ClInclude>
    <ClInclude Include="D:\Projects\mario1\Resources\Idle_1.png">
      <Filter>Resources</Filter>
    </ClInclude>
    <ClInclude Include="D:\Projects\mario1\Resources\Idle_10.png">
      <Filter>Resources</Filter>
    </ClInclude>
    <ClInclude Include="D:\Projects\mario1\Resources\Idle_11.png">
      <Filter>Resources</Filter>
    </ClInclude>
    <ClInclude Include="D:\Projects\mario1\Resources\Idle_2.png">
      <Filter>Resources</Filter>
    </ClInclude>
    <ClInclude Include="D:\Projects\mario1\Resources\Idle_3.png">
      <Filter>Resources</Filter>
    </ClInclude>
    <ClInclude Include="D:\Projects\mario1\Resources\Idle_4.png">
      <Filter>Resources</Filter>
    </ClInclude>
    <ClInclude Include="D:\Projects\mario1\Resources\Idle_5.png">
      <Filter>Resources</Filter>
    </ClInclude>
    <ClInclude Include="D:\Projects\mario1\Resources\Idle_6.png">
      <Filter>Resources</Filter>
    </ClInclude>
    <ClInclude Include="D:\Projects\mario1\Resources\Idle_7.png">
      <Filter>Resources</Filter>
    </ClInclude>
    <ClInclude Include="D:\Projects\mario1\Resources\Idle_8.png">
      <Filter>Resources</Filter>
    </ClInclude>
    <ClInclude Include="D:\Projects\mario1\Resources\Idle_9.png">
      <Filter>Resources</Filter>
    </ClInclude>
    <ClInclude Include="D:\Projects\mario1\Resources\Jump_1.png">
      <Filter>Resources</Filter>
    </ClInclude>
    <ClInclude Include="D:\Projects\mario1\Resources\LevelComplete.jpg">
      <Filter>Resources</Filter>
    </ClInclude>
    <ClInclude Include="D:\Projects\mario1\Resources\Ma2.tsx">
      <Filter>Resources</Filter>
    </ClInclude>
    <ClInclude Include="D:\Projects\mario1\Resources\Map.png">
      <Filter>Resources</Filter>
    </ClInclude>
    <ClInclude Include="D:\Projects\mario1\Resources\Map.tsx">
      <Filter>Resources</Filter>
    </ClInclude>
    <ClInclude Include="D:\Projects\mario1\Resources\Map1.tmx">
      <Filter>Resources</Filter>
    </ClInclude>
    <ClInclude Include="D:\Projects\mario1\Resources\Map2.tmx">
      <Filter>Resources</Filter>
    </ClInclude>
    <ClInclude Include="D:\Projects\mario1\Resources\Run_1.png">
      <Filter>Resources</Filter>
    </ClInclude>
    <ClInclude Include="D:\Projects\mario1\Resources\Run_10.png">
      <Filter>Resources</Filter>
    </ClInclude>
    <ClInclude Include="D:\Projects\mario1\Resources\Run_11.png">
      <Filter>Resources</Filter>
    </ClInclude>
    <ClInclude Include="D:\Projects\mario1\Resources\Run_12.png">
      <Filter>Resources</Filter>
    </ClInclude>
    <ClInclude Include="D:\Projects\mario1\Resources\Run_2.png">
      <Filter>Resources</Filter>
    </ClInclude>
    <ClInclude Include="D:\Projects\mario1\Resources\Run_3.png">
      <Filter>Resources</Filter>
    </ClInclude>
    <ClInclude Include="D:\Projects\mario1\Resources\Run_4.png">
      <Filter>Resources</Filter>
    </ClInclude>
    <ClInclude Include="D:\Projects\mario1\Resources\Run_5.png">
      <Filter>Resources</Filter>
    </ClInclude>
    <ClInclude Include="D:\Projects\mario1\Resources\Run_6.png">
      <Filter>Resources</Filter>
    </ClInclude>
    <ClInclude Include="D:\Projects\mario1\Resources\Run_7.png">
      <Filter>Resources</Filter>
    </ClInclude>
    <ClInclude Include="D:\Projects\mario1\Resources\Run_8.png">
      <Filter>Resources</Filter>
    </ClInclude>
    <ClInclude Include="D:\Projects\mario1\Resources\Run_9.png">
      <Filter>Resources</Filter>
    </ClInclude>
    <ClInclude Include="D:\Projects\mario1\Resources\Tileset.png">
      <Filter>Resources</Filter>
    </ClInclude>
    <ClInclude Include="D:\Projects\mario1\Resources\Tileset.tsx">
      <Filter>Resources</Filter>
    </ClInclude>
    <ClInclude Include="D:\Projects\mario1\Resources\attack.png">
      <Filter>Resources</Filter>
    </ClInclude>
    <ClInclude Include="D:\Projects\mario1\Resources\background.jpg">
      <Filter>Resources</Filter>
    </ClInclude>
    <ClInclude Include="D:\Projects\mario1\Resources\bulletE.png">
      <Filter>Resources</Filter>
    </ClInclude>
    <ClInclude Include="D:\Projects\mario1\Resources\door_1.png">
      <Filter>Resources</Filter>
    </ClInclude>
    <ClInclude Include="D:\Projects\mario1\Resources\door_2.png">
      <Filter>Resources</Filter>
    </ClInclude>
    <ClInclude Include="D:\Projects\mario1\Resources\door_3.png">
      <Filter>Resources</Filter>
    </ClInclude>
    <ClInclude Include="D:\Projects\mario1\Resources\door_4.png">
      <Filter>Resources</Filter>
    </ClInclude>
    <ClInclude Include="D:\Projects\mario1\Resources\elevator.png">
      <Filter>Resources</Filter>
    </ClInclude>
    <ClInclude Include="D:\Projects\mario1\Resources\enemy.png">
      <Filter>Resources</Filter>
    </ClInclude>
    <ClInclude Include="D:\Projects\mario1\Resources\fonts\Marker Felt.ttf">
      <Filter>Resources\fonts</Filter>
    </ClInclude>
    <ClInclude Include="D:\Projects\mario1\Resources\fonts\arial.ttf">
      <Filter>Resources\fonts</Filter>
    </ClInclude>
    <ClInclude Include="D:\Projects\mario1\Resources\hand.png">
      <Filter>Resources</Filter>
    </ClInclude>
    <ClInclude Include="D:\Projects\mario1\Resources\heart.png">
      <Filter>Resources</Filter>
    </ClInclude>
    <ClInclude Include="D:\Projects\mario1\Resources\heartMissing.png">
      <Filter>Resources</Filter>
    </ClInclude>
    <ClInclude Include="D:\Projects\mario1\Resources\ice.png">
      <Filter>Resources</Filter>
    </ClInclude>
    <ClInclude Include="D:\Projects\mario1\Resources\left.png">
      <Filter>Resources</Filter>
    </ClInclude>
    <ClInclude Include="D:\Projects\mario1\Resources\mainmenubg.jpg">
      <Filter>Resources</Filter>
    </ClInclude>
    <ClInclude Include="D:\Projects\mario1\Resources\map_tutorial.tmx">
      <Filter>Resources</Filter>
    </ClInclude>
    <ClInclude Include="D:\Projects\mario1\Resources\res\.gitkeep">
      <Filter>Resources\res</Filter>
    </ClInclude>
    <ClInclude Include="D:\Projects\mario1\Resources\right.png">
      <Filter>Resources</Filter>
    </ClInclude>
    <ClInclude Include="D:\Projects\mario1\Resources\up.png">
      <Filter>Resources</Filter>
    </ClInclude>
  </ItemGroup>
  <ItemGroup>
    <CustomBuild Include="D:\Projects\mario1\CMakeLists.txt" />
  </ItemGroup>
  <ItemGroup>
    <ResourceCompile Include="D:\Projects\mario1\proj.win32\game.rc">
      <Filter>Source Files\proj.win32</Filter>
    </ResourceCompile>
  </ItemGroup>
  <ItemGroup>
    <Filter Include="Resources">
      <UniqueIdentifier>{A1E9959C-2448-3EC6-884A-65CB3C0412AB}</UniqueIdentifier>
    </Filter>
    <Filter Include="Resources\fonts">
      <UniqueIdentifier>{956DA829-D052-3A89-BE18-998ED044624B}</UniqueIdentifier>
    </Filter>
    <Filter Include="Resources\res">
      <UniqueIdentifier>{95986A70-4215-37BA-BF03-C7C5D0D0A169}</UniqueIdentifier>
    </Filter>
    <Filter Include="Source Files">
      <UniqueIdentifier>{6BF5D92E-2F45-3C54-AAF3-CA07187BF4D2}</UniqueIdentifier>
    </Filter>
    <Filter Include="Source Files\Classes">
      <UniqueIdentifier>{0EE1CDF6-3EEA-31AD-AF75-5176D1AF1D21}</UniqueIdentifier>
    </Filter>
    <Filter Include="Source Files\proj.win32">
      <UniqueIdentifier>{61FDBBD1-EBFD-32E1-B575-28AE76765050}</UniqueIdentifier>
    </Filter>
  </ItemGroup>
</Project>
